
Microsoft Visual Studio Solution File, Format Version 12.00
# Visual Studio 2013
VisualStudioVersion = 12.0.21005.1
MinimumVisualStudioVersion = 10.0.40219.1
Project("{2150E333-8FDC-42A3-9474-1A3956D46DE8}") = "Infrastructure", "Infrastructure", "{2770A790-C136-4039-A8A7-FBBE581CE7A7}"
EndProject
Project("{FAE04EC0-301F-11D3-BF4B-00C04F79EFBC}") = "Component.Data", "Component.Data\Component.Data.csproj", "{31049DA2-8042-4617-8D93-AECA6DABC5A9}"
EndProject
Project("{FAE04EC0-301F-11D3-BF4B-00C04F79EFBC}") = "Component.Tools", "Component.Tools\Component.Tools.csproj", "{1AE6DCDC-F8A3-400B-A3F6-124CAF55B140}"
EndProject
Project("{2150E333-8FDC-42A3-9474-1A3956D46DE8}") = "API", "API", "{0BD57D13-58E6-4259-B1E0-746D04D8FBBA}"
EndProject
Project("{FAE04EC0-301F-11D3-BF4B-00C04F79EFBC}") = "Exam.Api", "Exam.Api\Exam.Api.csproj", "{F538EB7C-2600-43E7-A48B-0F557A90A0EA}"
EndProject
Project("{2150E333-8FDC-42A3-9474-1A3956D46DE8}") = "Website", "Website", "{F9422B1C-1290-487D-9263-557CFC6AB20D}"
EndProject
Project("{FAE04EC0-301F-11D3-BF4B-00C04F79EFBC}") = "Website", "Website\Website.csproj", "{442BF33D-0106-4792-B7EE-5217E6B11AD1}"
EndProject
Project("{2150E333-8FDC-42A3-9474-1A3956D46DE8}") = "Biz", "Biz", "{2BDF8BDD-988F-4B89-95FF-7AE0F0A71657}"
EndProject
Project("{2150E333-8FDC-42A3-9474-1A3956D46DE8}") = "Data", "Data", "{FADF104C-9CED-4778-A113-4550A0F571E6}"
EndProject
Project("{FAE04EC0-301F-11D3-BF4B-00C04F79EFBC}") = "Exam.Service", "Exam.Biz\Exam.Service.csproj", "{F60D8CCE-445E-415E-AD61-B9A85937FDC4}"
EndProject
Project("{FAE04EC0-301F-11D3-BF4B-00C04F79EFBC}") = "Exam.Repository", "Exam.Repository\Exam.Repository.csproj", "{3B3B1BF0-8FD0-4DF3-8059-50D15F9A6BAB}"
EndProject
Project("{FAE04EC0-301F-11D3-BF4B-00C04F79EFBC}") = "Exam.Model", "Exam.Model\Exam.Model.csproj", "{4A8C0FCD-D4B3-4637-921F-36DFCE434F49}"
EndProject
Project("{2150E333-8FDC-42A3-9474-1A3956D46DE8}") = "UnitTest", "UnitTest", "{01E8E42F-EC44-4F57-9854-FA4E741116A3}"
EndProject
Project("{FAE04EC0-301F-11D3-BF4B-00C04F79EFBC}") = "UnitTest", "UnitTest\UnitTest.csproj", "{0D30A41B-367F-4A69-B657-8FD264DAD833}"
EndProject
Global
	GlobalSection(SolutionConfigurationPlatforms) = preSolution
		Debug|Any CPU = Debug|Any CPU
		Debug|x86 = Debug|x86
		Release|Any CPU = Release|Any CPU
		Release|x86 = Release|x86
	EndGlobalSection
	GlobalSection(ProjectConfigurationPlatforms) = postSolution
		{31049DA2-8042-4617-8D93-AECA6DABC5A9}.Debug|Any CPU.ActiveCfg = Debug|Any CPU
		{31049DA2-8042-4617-8D93-AECA6DABC5A9}.Debug|Any CPU.Build.0 = Debug|Any CPU
		{31049DA2-8042-4617-8D93-AECA6DABC5A9}.Debug|x86.ActiveCfg = Debug|x86
		{31049DA2-8042-4617-8D93-AECA6DABC5A9}.Debug|x86.Build.0 = Debug|x86
		{31049DA2-8042-4617-8D93-AECA6DABC5A9}.Release|Any CPU.ActiveCfg = Release|Any CPU
		{31049DA2-8042-4617-8D93-AECA6DABC5A9}.Release|Any CPU.Build.0 = Release|Any CPU
		{31049DA2-8042-4617-8D93-AECA6DABC5A9}.Release|x86.ActiveCfg = Release|x86
		{31049DA2-8042-4617-8D93-AECA6DABC5A9}.Release|x86.Build.0 = Release|x86
		{1AE6DCDC-F8A3-400B-A3F6-124CAF55B140}.Debug|Any CPU.ActiveCfg = Debug|Any CPU
		{1AE6DCDC-F8A3-400B-A3F6-124CAF55B140}.Debug|Any CPU.Build.0 = Debug|Any CPU
		{1AE6DCDC-F8A3-400B-A3F6-124CAF55B140}.Debug|x86.ActiveCfg = Debug|x86
		{1AE6DCDC-F8A3-400B-A3F6-124CAF55B140}.Debug|x86.Build.0 = Debug|x86
		{1AE6DCDC-F8A3-400B-A3F6-124CAF55B140}.Release|Any CPU.ActiveCfg = Release|Any CPU
		{1AE6DCDC-F8A3-400B-A3F6-124CAF55B140}.Release|Any CPU.Build.0 = Release|Any CPU
		{1AE6DCDC-F8A3-400B-A3F6-124CAF55B140}.Release|x86.ActiveCfg = Release|x86
		{1AE6DCDC-F8A3-400B-A3F6-124CAF55B140}.Release|x86.Build.0 = Release|x86
		{F538EB7C-2600-43E7-A48B-0F557A90A0EA}.Debug|Any CPU.ActiveCfg = Debug|Any CPU
		{F538EB7C-2600-43E7-A48B-0F557A90A0EA}.Debug|Any CPU.Build.0 = Debug|Any CPU
		{F538EB7C-2600-43E7-A48B-0F557A90A0EA}.Debug|x86.ActiveCfg = Debug|x86
		{F538EB7C-2600-43E7-A48B-0F557A90A0EA}.Debug|x86.Build.0 = Debug|x86
		{F538EB7C-2600-43E7-A48B-0F557A90A0EA}.Release|Any CPU.ActiveCfg = Release|Any CPU
		{F538EB7C-2600-43E7-A48B-0F557A90A0EA}.Release|Any CPU.Build.0 = Release|Any CPU
		{F538EB7C-2600-43E7-A48B-0F557A90A0EA}.Release|x86.ActiveCfg = Release|x86
		{F538EB7C-2600-43E7-A48B-0F557A90A0EA}.Release|x86.Build.0 = Release|x86
		{442BF33D-0106-4792-B7EE-5217E6B11AD1}.Debug|Any CPU.ActiveCfg = Debug|Any CPU
		{442BF33D-0106-4792-B7EE-5217E6B11AD1}.Debug|Any CPU.Build.0 = Debug|Any CPU
		{442BF33D-0106-4792-B7EE-5217E6B11AD1}.Debug|x86.ActiveCfg = Debug|x86
		{442BF33D-0106-4792-B7EE-5217E6B11AD1}.Debug|x86.Build.0 = Debug|x86
		{442BF33D-0106-4792-B7EE-5217E6B11AD1}.Release|Any CPU.ActiveCfg = Release|Any CPU
		{442BF33D-0106-4792-B7EE-5217E6B11AD1}.Release|Any CPU.Build.0 = Release|Any CPU
		{442BF33D-0106-4792-B7EE-5217E6B11AD1}.Release|x86.ActiveCfg = Release|x86
		{442BF33D-0106-4792-B7EE-5217E6B11AD1}.Release|x86.Build.0 = Release|x86
		{F60D8CCE-445E-415E-AD61-B9A85937FDC4}.Debug|Any CPU.ActiveCfg = Debug|Any CPU
		{F60D8CCE-445E-415E-AD61-B9A85937FDC4}.Debug|Any CPU.Build.0 = Debug|Any CPU
		{F60D8CCE-445E-415E-AD61-B9A85937FDC4}.Debug|x86.ActiveCfg = Debug|x86
		{F60D8CCE-445E-415E-AD61-B9A85937FDC4}.Debug|x86.Build.0 = Debug|x86
		{F60D8CCE-445E-415E-AD61-B9A85937FDC4}.Release|Any CPU.ActiveCfg = Release|Any CPU
		{F60D8CCE-445E-415E-AD61-B9A85937FDC4}.Release|Any CPU.Build.0 = Release|Any CPU
		{F60D8CCE-445E-415E-AD61-B9A85937FDC4}.Release|x86.ActiveCfg = Release|x86
		{F60D8CCE-445E-415E-AD61-B9A85937FDC4}.Release|x86.Build.0 = Release|x86
		{3B3B1BF0-8FD0-4DF3-8059-50D15F9A6BAB}.Debug|Any CPU.ActiveCfg = Debug|Any CPU
		{3B3B1BF0-8FD0-4DF3-8059-50D15F9A6BAB}.Debug|Any CPU.Build.0 = Debug|Any CPU
		{3B3B1BF0-8FD0-4DF3-8059-50D15F9A6BAB}.Debug|x86.ActiveCfg = Debug|x86
		{3B3B1BF0-8FD0-4DF3-8059-50D15F9A6BAB}.Debug|x86.Build.0 = Debug|x86
		{3B3B1BF0-8FD0-4DF3-8059-50D15F9A6BAB}.Release|Any CPU.ActiveCfg = Release|Any CPU
		{3B3B1BF0-8FD0-4DF3-8059-50D15F9A6BAB}.Release|Any CPU.Build.0 = Release|Any CPU
		{3B3B1BF0-8FD0-4DF3-8059-50D15F9A6BAB}.Release|x86.ActiveCfg = Release|x86
		{3B3B1BF0-8FD0-4DF3-8059-50D15F9A6BAB}.Release|x86.Build.0 = Release|x86
		{4A8C0FCD-D4B3-4637-921F-36DFCE434F49}.Debug|Any CPU.ActiveCfg = Debug|Any CPU
		{4A8C0FCD-D4B3-4637-921F-36DFCE434F49}.Debug|Any CPU.Build.0 = Debug|Any CPU
		{4A8C0FCD-D4B3-4637-921F-36DFCE434F49}.Debug|x86.ActiveCfg = Debug|x86
		{4A8C0FCD-D4B3-4637-921F-36DFCE434F49}.Debug|x86.Build.0 = Debug|x86
		{4A8C0FCD-D4B3-4637-921F-36DFCE434F49}.Release|Any CPU.ActiveCfg = Release|Any CPU
		{4A8C0FCD-D4B3-4637-921F-36DFCE434F49}.Release|Any CPU.Build.0 = Release|Any CPU
		{4A8C0FCD-D4B3-4637-921F-36DFCE434F49}.Release|x86.ActiveCfg = Release|x86
		{4A8C0FCD-D4B3-4637-921F-36DFCE434F49}.Release|x86.Build.0 = Release|x86
		{0D30A41B-367F-4A69-B657-8FD264DAD833}.Debug|Any CPU.ActiveCfg = Debug|Any CPU
		{0D30A41B-367F-4A69-B657-8FD264DAD833}.Debug|Any CPU.Build.0 = Debug|Any CPU
		{0D30A41B-367F-4A69-B657-8FD264DAD833}.Debug|x86.ActiveCfg = Debug|x86
		{0D30A41B-367F-4A69-B657-8FD264DAD833}.Debug|x86.Build.0 = Debug|x86
		{0D30A41B-367F-4A69-B657-8FD264DAD833}.Release|Any CPU.ActiveCfg = Release|Any CPU
		{0D30A41B-367F-4A69-B657-8FD264DAD833}.Release|Any CPU.Build.0 = Release|Any CPU
		{0D30A41B-367F-4A69-B657-8FD264DAD833}.Release|x86.ActiveCfg = Release|x86
		{0D30A41B-367F-4A69-B657-8FD264DAD833}.Release|x86.Build.0 = Release|x86
	EndGlobalSection
	GlobalSection(SolutionProperties) = preSolution
		HideSolutionNode = FALSE
	EndGlobalSection
	GlobalSection(NestedProjects) = preSolution
		{31049DA2-8042-4617-8D93-AECA6DABC5A9} = {2770A790-C136-4039-A8A7-FBBE581CE7A7}
		{1AE6DCDC-F8A3-400B-A3F6-124CAF55B140} = {2770A790-C136-4039-A8A7-FBBE581CE7A7}
		{F538EB7C-2600-43E7-A48B-0F557A90A0EA} = {0BD57D13-58E6-4259-B1E0-746D04D8FBBA}
		{442BF33D-0106-4792-B7EE-5217E6B11AD1} = {F9422B1C-1290-487D-9263-557CFC6AB20D}
		{F60D8CCE-445E-415E-AD61-B9A85937FDC4} = {2BDF8BDD-988F-4B89-95FF-7AE0F0A71657}
		{3B3B1BF0-8FD0-4DF3-8059-50D15F9A6BAB} = {FADF104C-9CED-4778-A113-4550A0F571E6}
		{4A8C0FCD-D4B3-4637-921F-36DFCE434F49} = {FADF104C-9CED-4778-A113-4550A0F571E6}
		{0D30A41B-367F-4A69-B657-8FD264DAD833} = {01E8E42F-EC44-4F57-9854-FA4E741116A3}
	EndGlobalSection
EndGlobal
